
Microsoft Visual Studio Solution File, Format Version 12.00
# Visual Studio Version 17
VisualStudioVersion = 17.1.32228.430
MinimumVisualStudioVersion = 10.0.40219.1
Project("{FAE04EC0-301F-11D3-BF4B-00C04F79EFBC}") = "Game", "Game\Game.csproj", "{190E48F8-2FF9-4FB2-BFCA-C0335E3D72D5}"
EndProject
Project("{FAE04EC0-301F-11D3-BF4B-00C04F79EFBC}") = "UnitTests", "UnitTests\UnitTests.csproj", "{CCCCC43D-AE2E-4084-9148-FC84C7F2E30D}"
EndProject
Project("{FAE04EC0-301F-11D3-BF4B-00C04F79EFBC}") = "Ankh-Morpork MVC", "Ankh-Morpork MVC\Ankh-Morpork MVC.csproj", "{3BD23917-CB9D-4C61-8470-98E46DF07975}"
EndProject
Global
	GlobalSection(SolutionConfigurationPlatforms) = preSolution
		Debug|Any CPU = Debug|Any CPU
		Release|Any CPU = Release|Any CPU
	EndGlobalSection
	GlobalSection(ProjectConfigurationPlatforms) = postSolution
		{190E48F8-2FF9-4FB2-BFCA-C0335E3D72D5}.Debug|Any CPU.ActiveCfg = Debug|Any CPU
		{190E48F8-2FF9-4FB2-BFCA-C0335E3D72D5}.Debug|Any CPU.Build.0 = Debug|Any CPU
		{190E48F8-2FF9-4FB2-BFCA-C0335E3D72D5}.Release|Any CPU.ActiveCfg = Release|Any CPU
		{190E48F8-2FF9-4FB2-BFCA-C0335E3D72D5}.Release|Any CPU.Build.0 = Release|Any CPU
		{CCCCC43D-AE2E-4084-9148-FC84C7F2E30D}.Debug|Any CPU.ActiveCfg = Debug|Any CPU
		{CCCCC43D-AE2E-4084-9148-FC84C7F2E30D}.Debug|Any CPU.Build.0 = Debug|Any CPU
		{CCCCC43D-AE2E-4084-9148-FC84C7F2E30D}.Release|Any CPU.ActiveCfg = Release|Any CPU
		{CCCCC43D-AE2E-4084-9148-FC84C7F2E30D}.Release|Any CPU.Build.0 = Release|Any CPU
		{3BD23917-CB9D-4C61-8470-98E46DF07975}.Debug|Any CPU.ActiveCfg = Debug|Any CPU
		{3BD23917-CB9D-4C61-8470-98E46DF07975}.Debug|Any CPU.Build.0 = Debug|Any CPU
		{3BD23917-CB9D-4C61-8470-98E46DF07975}.Release|Any CPU.ActiveCfg = Release|Any CPU
		{3BD23917-CB9D-4C61-8470-98E46DF07975}.Release|Any CPU.Build.0 = Release|Any CPU
	EndGlobalSection
	GlobalSection(SolutionProperties) = preSolution
		HideSolutionNode = FALSE
	EndGlobalSection
	GlobalSection(ExtensibilityGlobals) = postSolution
		SolutionGuid = {27AD7DB5-D207-4A89-8972-47421842DD7E}
	EndGlobalSection
EndGlobal
